
Microsoft Visual Studio Solution File, Format Version 12.00
# Visual Studio 15
VisualStudioVersion = 15.0.28010.2003
MinimumVisualStudioVersion = 10.0.40219.1
Project("{FAE04EC0-301F-11D3-BF4B-00C04F79EFBC}") = "PatientDesigns", "PatientDesigns\PatientDesigns.csproj", "{A03E59EE-2244-4689-8C30-38A7917E4D11}"
EndProject
Global
	GlobalSection(SolutionConfigurationPlatforms) = preSolution
		Debug|Any CPU = Debug|Any CPU
		Release|Any CPU = Release|Any CPU
	EndGlobalSection
	GlobalSection(ProjectConfigurationPlatforms) = postSolution
		{A03E59EE-2244-4689-8C30-38A7917E4D11}.Debug|Any CPU.ActiveCfg = Debug|Any CPU
		{A03E59EE-2244-4689-8C30-38A7917E4D11}.Debug|Any CPU.Build.0 = Debug|Any CPU
		{A03E59EE-2244-4689-8C30-38A7917E4D11}.Release|Any CPU.ActiveCfg = Release|Any CPU
		{A03E59EE-2244-4689-8C30-38A7917E4D11}.Release|Any CPU.Build.0 = Release|Any CPU
	EndGlobalSection
	GlobalSection(SolutionProperties) = preSolution
		HideSolutionNode = FALSE
	EndGlobalSection
	GlobalSection(ExtensibilityGlobals) = postSolution
		SolutionGuid = {BC9973D5-3A5A-4466-8DB3-8E8487201EF8}
	EndGlobalSection
EndGlobal
